PODS:
  - MPFlipViewController (0.1.0)

DEPENDENCIES:
  - MPFlipViewController (from `../`)

EXTERNAL SOURCES:
  MPFlipViewController:
    :path: "../"

SPEC CHECKSUMS:
  MPFlipViewController: d0dd39c008f079c1da0ce543c4b88277029f8297

PODFILE CHECKSUM: 9429bd10277a2908ed0dc0bdbdabf356c1a67082

COCOAPODS: 1.5.0
